
Microsoft Visual Studio Solution File, Format Version 12.00
# Visual Studio Version 17
VisualStudioVersion = 17.0.31903.59
MinimumVisualStudioVersion = 10.0.40219.1
Project("{FAE04EC0-301F-11D3-BF4B-00C04F79EFBC}") = "TaskTracker", "TaskTracker\TaskTracker.csproj", "{508DE5B9-B8FB-4ED8-A7D3-7D6D127337DE}"
EndProject
Project("{FAE04EC0-301F-11D3-BF4B-00C04F79EFBC}") = "TaskDomain", "TaskDomain\TaskDomain.csproj", "{C4CD16FF-AE3A-43EA-87A2-0F4ABC6F658B}"
EndProject
Global
	GlobalSection(SolutionConfigurationPlatforms) = preSolution
		Debug|Any CPU = Debug|Any CPU
		Debug|x64 = Debug|x64
		Debug|x86 = Debug|x86
		Release|Any CPU = Release|Any CPU
		Release|x64 = Release|x64
		Release|x86 = Release|x86
	EndGlobalSection
	GlobalSection(ProjectConfigurationPlatforms) = postSolution
		{508DE5B9-B8FB-4ED8-A7D3-7D6D127337DE}.Debug|Any CPU.ActiveCfg = Debug|Any CPU
		{508DE5B9-B8FB-4ED8-A7D3-7D6D127337DE}.Debug|Any CPU.Build.0 = Debug|Any CPU
		{508DE5B9-B8FB-4ED8-A7D3-7D6D127337DE}.Debug|x64.ActiveCfg = Debug|Any CPU
		{508DE5B9-B8FB-4ED8-A7D3-7D6D127337DE}.Debug|x64.Build.0 = Debug|Any CPU
		{508DE5B9-B8FB-4ED8-A7D3-7D6D127337DE}.Debug|x86.ActiveCfg = Debug|Any CPU
		{508DE5B9-B8FB-4ED8-A7D3-7D6D127337DE}.Debug|x86.Build.0 = Debug|Any CPU
		{508DE5B9-B8FB-4ED8-A7D3-7D6D127337DE}.Release|Any CPU.ActiveCfg = Release|Any CPU
		{508DE5B9-B8FB-4ED8-A7D3-7D6D127337DE}.Release|Any CPU.Build.0 = Release|Any CPU
		{508DE5B9-B8FB-4ED8-A7D3-7D6D127337DE}.Release|x64.ActiveCfg = Release|Any CPU
		{508DE5B9-B8FB-4ED8-A7D3-7D6D127337DE}.Release|x64.Build.0 = Release|Any CPU
		{508DE5B9-B8FB-4ED8-A7D3-7D6D127337DE}.Release|x86.ActiveCfg = Release|Any CPU
		{508DE5B9-B8FB-4ED8-A7D3-7D6D127337DE}.Release|x86.Build.0 = Release|Any CPU
		{C4CD16FF-AE3A-43EA-87A2-0F4ABC6F658B}.Debug|Any CPU.ActiveCfg = Debug|Any CPU
		{C4CD16FF-AE3A-43EA-87A2-0F4ABC6F658B}.Debug|Any CPU.Build.0 = Debug|Any CPU
		{C4CD16FF-AE3A-43EA-87A2-0F4ABC6F658B}.Debug|x64.ActiveCfg = Debug|Any CPU
		{C4CD16FF-AE3A-43EA-87A2-0F4ABC6F658B}.Debug|x64.Build.0 = Debug|Any CPU
		{C4CD16FF-AE3A-43EA-87A2-0F4ABC6F658B}.Debug|x86.ActiveCfg = Debug|Any CPU
		{C4CD16FF-AE3A-43EA-87A2-0F4ABC6F658B}.Debug|x86.Build.0 = Debug|Any CPU
		{C4CD16FF-AE3A-43EA-87A2-0F4ABC6F658B}.Release|Any CPU.ActiveCfg = Release|Any CPU
		{C4CD16FF-AE3A-43EA-87A2-0F4ABC6F658B}.Release|Any CPU.Build.0 = Release|Any CPU
		{C4CD16FF-AE3A-43EA-87A2-0F4ABC6F658B}.Release|x64.ActiveCfg = Release|Any CPU
		{C4CD16FF-AE3A-43EA-87A2-0F4ABC6F658B}.Release|x64.Build.0 = Release|Any CPU
		{C4CD16FF-AE3A-43EA-87A2-0F4ABC6F658B}.Release|x86.ActiveCfg = Release|Any CPU
		{C4CD16FF-AE3A-43EA-87A2-0F4ABC6F658B}.Release|x86.Build.0 = Release|Any CPU
	EndGlobalSection
	GlobalSection(SolutionProperties) = preSolution
		HideSolutionNode = FALSE
	EndGlobalSection
EndGlobal
